// !$*UTF8*$!
{
	archiveVersion = 1;
	classes = {
	};
	objectVersion = 46;
	objects = {

/* Begin PBXBuildFile section */
		17F1AA0067EB46E02D584745 /* Pods_WeTalkTests.framework in Frameworks */ = {isa = PBXBuildFile; fileRef = E80DBB81E7AA3E086BE42149 /* Pods_WeTalkTests.framework */; };
		22119AA01F30A7C800946C77 /* AppDelegate.swift in Sources */ = {isa = PBXBuildFile; fileRef = 22119A9F1F30A7C800946C77 /* AppDelegate.swift */; };
		22119AA21F30A7C800946C77 /* FirstViewController.swift in Sources */ = {isa = PBXBuildFile; fileRef = 22119AA11F30A7C800946C77 /* FirstViewController.swift */; };
		22119AA41F30A7C800946C77 /* SecondViewController.swift in Sources */ = {isa = PBXBuildFile; fileRef = 22119AA31F30A7C800946C77 /* SecondViewController.swift */; };
		22119AA71F30A7C800946C77 /* Main.storyboard in Resources */ = {isa = PBXBuildFile; fileRef = 22119AA51F30A7C800946C77 /* Main.storyboard */; };
		22119AA91F30A7C800946C77 /* Assets.xcassets in Resources */ = {isa = PBXBuildFile; fileRef = 22119AA81F30A7C800946C77 /* Assets.xcassets */; };
		22119AAC1F30A7C800946C77 /* LaunchScreen.storyboard in Resources */ = {isa = PBXBuildFile; fileRef = 22119AAA1F30A7C800946C77 /* LaunchScreen.storyboard */; };
		22119AB71F30A7C800946C77 /* WeTalkTests.swift in Sources */ = {isa = PBXBuildFile; fileRef = 22119AB61F30A7C800946C77 /* WeTalkTests.swift */; };
		22119AC21F30A7C800946C77 /* WeTalkUITests.swift in Sources */ = {isa = PBXBuildFile; fileRef = 22119AC11F30A7C800946C77 /* WeTalkUITests.swift */; };
		221BD7791F30BBD5007D0C6D /* LoginViewController.swift in Sources */ = {isa = PBXBuildFile; fileRef = 221BD7781F30BBD5007D0C6D /* LoginViewController.swift */; };
		221BD77B1F30C63C007D0C6D /* TabBarController.swift in Sources */ = {isa = PBXBuildFile; fileRef = 221BD77A1F30C63C007D0C6D /* TabBarController.swift */; };
		222D6D6F1F3411890080E89F /* CreateChannelCell.swift in Sources */ = {isa = PBXBuildFile; fileRef = 222D6D6E1F3411890080E89F /* CreateChannelCell.swift */; };
		222D6D711F34142D0080E89F /* ChatViewController.swift in Sources */ = {isa = PBXBuildFile; fileRef = 222D6D701F34142D0080E89F /* ChatViewController.swift */; };
		2246A2C31F32A5D9001BCFD2 /* GoogleService-Info.plist in Resources */ = {isa = PBXBuildFile; fileRef = 2246A2C21F32A5D9001BCFD2 /* GoogleService-Info.plist */; };
		2246A2C41F32A5D9001BCFD2 /* GoogleService-Info.plist in Resources */ = {isa = PBXBuildFile; fileRef = 2246A2C21F32A5D9001BCFD2 /* GoogleService-Info.plist */; };
		2246A2C51F32A5D9001BCFD2 /* GoogleService-Info.plist in Resources */ = {isa = PBXBuildFile; fileRef = 2246A2C21F32A5D9001BCFD2 /* GoogleService-Info.plist */; };
		2246A2C71F32ACDD001BCFD2 /* Channel.swift in Sources */ = {isa = PBXBuildFile; fileRef = 2246A2C61F32ACDD001BCFD2 /* Channel.swift */; };
		2246A2C81F32ACDD001BCFD2 /* Channel.swift in Sources */ = {isa = PBXBuildFile; fileRef = 2246A2C61F32ACDD001BCFD2 /* Channel.swift */; };
		2246A2C91F32ACDD001BCFD2 /* Channel.swift in Sources */ = {isa = PBXBuildFile; fileRef = 2246A2C61F32ACDD001BCFD2 /* Channel.swift */; };
		6F6525167290585CC27FAFA2 /* Pods_WeTalk.framework in Frameworks */ = {isa = PBXBuildFile; fileRef = FF1CD6B200A036FEDFDD75B8 /* Pods_WeTalk.framework */; };
		C8A54006DA3412DAAD9A2904 /* Pods_WeTalkUITests.framework in Frameworks */ = {isa = PBXBuildFile; fileRef = E3A29D6AC01505B9E4EBF3D2 /* Pods_WeTalkUITests.framework */; };
/* End PBXBuildFile section */

/* Begin PBXContainerItemProxy section */
		22119AB31F30A7C800946C77 /* PBXContainerItemProxy */ = {
			isa = PBXContainerItemProxy;
			containerPortal = 22119A941F30A7C700946C77 /* Project object */;
			proxyType = 1;
			remoteGlobalIDString = 22119A9B1F30A7C700946C77;
			remoteInfo = WeTalk;
		};
		22119ABE1F30A7C800946C77 /* PBXContainerItemProxy */ = {
			isa = PBXContainerItemProxy;
			containerPortal = 22119A941F30A7C700946C77 /* Project object */;
			proxyType = 1;
			remoteGlobalIDString = 22119A9B1F30A7C700946C77;
			remoteInfo = WeTalk;
		};
/* End PBXContainerItemProxy section */

/* Begin PBXFileReference section */
		22119A9C1F30A7C800946C77 /* WeTalk.app */ = {isa = PBXFileReference; explicitFileType = wrapper.application; includeInIndex = 0; path = WeTalk.app; sourceTree = BUILT_PRODUCTS_DIR; };
		22119A9F1F30A7C800946C77 /* AppDelegate.swift */ = {isa = PBXFileReference; lastKnownFileType = sourcecode.swift; path = AppDelegate.swift; sourceTree = "<group>"; };
		22119AA11F30A7C800946C77 /* FirstViewController.swift */ = {isa = PBXFileReference; lastKnownFileType = sourcecode.swift; path = FirstViewController.swift; sourceTree = "<group>"; };
		22119AA31F30A7C800946C77 /* SecondViewController.swift */ = {isa = PBXFileReference; lastKnownFileType = sourcecode.swift; path = SecondViewController.swift; sourceTree = "<group>"; };
		22119AA61F30A7C800946C77 /* Base */ = {isa = PBXFileReference; lastKnownFileType = file.storyboard; name = Base; path = Base.lproj/Main.storyboard; sourceTree = "<group>"; };
		22119AA81F30A7C800946C77 /* Assets.xcassets */ = {isa = PBXFileReference; lastKnownFileType = folder.assetcatalog; path = Assets.xcassets; sourceTree = "<group>"; };
		22119AAB1F30A7C800946C77 /* Base */ = {isa = PBXFileReference; lastKnownFileType = file.storyboard; name = Base; path = Base.lproj/LaunchScreen.storyboard; sourceTree = "<group>"; };
		22119AAD1F30A7C800946C77 /* Info.plist */ = {isa = PBXFileReference; lastKnownFileType = text.plist.xml; path = Info.plist; sourceTree = "<group>"; };
		22119AB21F30A7C800946C77 /* WeTalkTests.xctest */ = {isa = PBXFileReference; explicitFileType = wrapper.cfbundle; includeInIndex = 0; path = WeTalkTests.xctest; sourceTree = BUILT_PRODUCTS_DIR; };
		22119AB61F30A7C800946C77 /* WeTalkTests.swift */ = {isa = PBXFileReference; lastKnownFileType = sourcecode.swift; path = WeTalkTests.swift; sourceTree = "<group>"; };
		22119AB81F30A7C800946C77 /* Info.plist */ = {isa = PBXFileReference; lastKnownFileType = text.plist.xml; path = Info.plist; sourceTree = "<group>"; };
		22119ABD1F30A7C800946C77 /* WeTalkUITests.xctest */ = {isa = PBXFileReference; explicitFileType = wrapper.cfbundle; includeInIndex = 0; path = WeTalkUITests.xctest; sourceTree = BUILT_PRODUCTS_DIR; };
		22119AC11F30A7C800946C77 /* WeTalkUITests.swift */ = {isa = PBXFileReference; lastKnownFileType = sourcecode.swift; path = WeTalkUITests.swift; sourceTree = "<group>"; };
		22119AC31F30A7C800946C77 /* Info.plist */ = {isa = PBXFileReference; lastKnownFileType = text.plist.xml; path = Info.plist; sourceTree = "<group>"; };
		221BD7781F30BBD5007D0C6D /* LoginViewController.swift */ = {isa = PBXFileReference; fileEncoding = 4; lastKnownFileType = sourcecode.swift; path = LoginViewController.swift; sourceTree = "<group>"; };
		221BD77A1F30C63C007D0C6D /* TabBarController.swift */ = {isa = PBXFileReference; fileEncoding = 4; lastKnownFileType = sourcecode.swift; path = TabBarController.swift; sourceTree = "<group>"; };
		222D6D6E1F3411890080E89F /* CreateChannelCell.swift */ = {isa = PBXFileReference; fileEncoding = 4; lastKnownFileType = sourcecode.swift; path = CreateChannelCell.swift; sourceTree = "<group>"; };
		222D6D701F34142D0080E89F /* ChatViewController.swift */ = {isa = PBXFileReference; fileEncoding = 4; lastKnownFileType = sourcecode.swift; path = ChatViewController.swift; sourceTree = "<group>"; };
		2246A2C21F32A5D9001BCFD2 /* GoogleService-Info.plist */ = {isa = PBXFileReference; fileEncoding = 4; lastKnownFileType = text.plist.xml; path = "GoogleService-Info.plist"; sourceTree = "<group>"; };
		2246A2C61F32ACDD001BCFD2 /* Channel.swift */ = {isa = PBXFileReference; fileEncoding = 4; lastKnownFileType = sourcecode.swift; path = Channel.swift; sourceTree = "<group>"; };
		5793D6670E94327BEB20D0AE /* Pods-WeTalk.release.xcconfig */ = {isa = PBXFileReference; includeInIndex = 1; lastKnownFileType = text.xcconfig; name = "Pods-WeTalk.release.xcconfig"; path = "Pods/Target Support Files/Pods-WeTalk/Pods-WeTalk.release.xcconfig"; sourceTree = "<group>"; };
		A89008CD113BFFFD1A4BAA96 /* Pods-WeTalkTests.debug.xcconfig */ = {isa = PBXFileReference; includeInIndex = 1; lastKnownFileType = text.xcconfig; name = "Pods-WeTalkTests.debug.xcconfig"; path = "Pods/Target Support Files/Pods-WeTalkTests/Pods-WeTalkTests.debug.xcconfig"; sourceTree = "<group>"; };
		AE32C742115016A9075DAB24 /* Pods-WeTalkUITests.debug.xcconfig */ = {isa = PBXFileReference; includeInIndex = 1; lastKnownFileType = text.xcconfig; name = "Pods-WeTalkUITests.debug.xcconfig"; path = "Pods/Target Support Files/Pods-WeTalkUITests/Pods-WeTalkUITests.debug.xcconfig"; sourceTree = "<group>"; };
		CC46A141FA6EFDB3F38B1135 /* Pods-WeTalkTests.release.xcconfig */ = {isa = PBXFileReference; includeInIndex = 1; lastKnownFileType = text.xcconfig; name = "Pods-WeTalkTests.release.xcconfig"; path = "Pods/Target Support Files/Pods-WeTalkTests/Pods-WeTalkTests.release.xcconfig"; sourceTree = "<group>"; };
		D91114CBCD126A54FAF68398 /* Pods-WeTalk.debug.xcconfig */ = {isa = PBXFileReference; includeInIndex = 1; lastKnownFileType = text.xcconfig; name = "Pods-WeTalk.debug.xcconfig"; path = "Pods/Target Support Files/Pods-WeTalk/Pods-WeTalk.debug.xcconfig"; sourceTree = "<group>"; };
		E3A29D6AC01505B9E4EBF3D2 /* Pods_WeTalkUITests.framework */ = {isa = PBXFileReference; explicitFileType = wrapper.framework; includeInIndex = 0; path = Pods_WeTalkUITests.framework; sourceTree = BUILT_PRODUCTS_DIR; };
		E80DBB81E7AA3E086BE42149 /* Pods_WeTalkTests.framework */ = {isa = PBXFileReference; explicitFileType = wrapper.framework; includeInIndex = 0; path = Pods_WeTalkTests.framework; sourceTree = BUILT_PRODUCTS_DIR; };
		F8A74D8F9A73B7BD87495F3C /* Pods-WeTalkUITests.release.xcconfig */ = {isa = PBXFileReference; includeInIndex = 1; lastKnownFileType = text.xcconfig; name = "Pods-WeTalkUITests.release.xcconfig"; path = "Pods/Target Support Files/Pods-WeTalkUITests/Pods-WeTalkUITests.release.xcconfig"; sourceTree = "<group>"; };
		FF1CD6B200A036FEDFDD75B8 /* Pods_WeTalk.framework */ = {isa = PBXFileReference; explicitFileType = wrapper.framework; includeInIndex = 0; path = Pods_WeTalk.framework; sourceTree = BUILT_PRODUCTS_DIR; };
/* End PBXFileReference section */

/* Begin PBXFrameworksBuildPhase section */
		22119A991F30A7C700946C77 /* Frameworks */ = {
			isa = PBXFrameworksBuildPhase;
			buildActionMask = 2147483647;
			files = (
				6F6525167290585CC27FAFA2 /* Pods_WeTalk.framework in Frameworks */,
			);
			runOnlyForDeploymentPostprocessing = 0;
		};
		22119AAF1F30A7C800946C77 /* Frameworks */ = {
			isa = PBXFrameworksBuildPhase;
			buildActionMask = 2147483647;
			files = (
				17F1AA0067EB46E02D584745 /* Pods_WeTalkTests.framework in Frameworks */,
			);
			runOnlyForDeploymentPostprocessing = 0;
		};
		22119ABA1F30A7C800946C77 /* Frameworks */ = {
			isa = PBXFrameworksBuildPhase;
			buildActionMask = 2147483647;
			files = (
				C8A54006DA3412DAAD9A2904 /* Pods_WeTalkUITests.framework in Frameworks */,
			);
			runOnlyForDeploymentPostprocessing = 0;
		};
/* End PBXFrameworksBuildPhase section */

/* Begin PBXGroup section */
		22119A931F30A7C700946C77 = {
			isa = PBXGroup;
			children = (
				22119A9E1F30A7C800946C77 /* WeTalk */,
				22119AB51F30A7C800946C77 /* WeTalkTests */,
				22119AC01F30A7C800946C77 /* WeTalkUITests */,
				22119A9D1F30A7C800946C77 /* Products */,
				E6FF2655AB37E340F3BA825A /* Pods */,
				699F2E0A6E928D7C510F8DBC /* Frameworks */,
			);
			sourceTree = "<group>";
		};
		22119A9D1F30A7C800946C77 /* Products */ = {
			isa = PBXGroup;
			children = (
				22119A9C1F30A7C800946C77 /* WeTalk.app */,
				22119AB21F30A7C800946C77 /* WeTalkTests.xctest */,
				22119ABD1F30A7C800946C77 /* WeTalkUITests.xctest */,
			);
			name = Products;
			sourceTree = "<group>";
		};
		22119A9E1F30A7C800946C77 /* WeTalk */ = {
			isa = PBXGroup;
			children = (
				2246A2C21F32A5D9001BCFD2 /* GoogleService-Info.plist */,
				22119A9F1F30A7C800946C77 /* AppDelegate.swift */,
				222D6D701F34142D0080E89F /* ChatViewController.swift */,
				22119AA11F30A7C800946C77 /* FirstViewController.swift */,
				222D6D6E1F3411890080E89F /* CreateChannelCell.swift */,
				22119AA31F30A7C800946C77 /* SecondViewController.swift */,
				22119AA51F30A7C800946C77 /* Main.storyboard */,
				22119AA81F30A7C800946C77 /* Assets.xcassets */,
				22119AAA1F30A7C800946C77 /* LaunchScreen.storyboard */,
				22119AAD1F30A7C800946C77 /* Info.plist */,
				221BD7781F30BBD5007D0C6D /* LoginViewController.swift */,
				221BD77A1F30C63C007D0C6D /* TabBarController.swift */,
				2246A2C61F32ACDD001BCFD2 /* Channel.swift */,
			);
			path = WeTalk;
			sourceTree = "<group>";
		};
		22119AB51F30A7C800946C77 /* WeTalkTests */ = {
			isa = PBXGroup;
			children = (
				22119AB61F30A7C800946C77 /* WeTalkTests.swift */,
				22119AB81F30A7C800946C77 /* Info.plist */,
			);
			path = WeTalkTests;
			sourceTree = "<group>";
		};
		22119AC01F30A7C800946C77 /* WeTalkUITests */ = {
			isa = PBXGroup;
			children = (
				22119AC11F30A7C800946C77 /* WeTalkUITests.swift */,
				22119AC31F30A7C800946C77 /* Info.plist */,
			);
			path = WeTalkUITests;
			sourceTree = "<group>";
		};
		699F2E0A6E928D7C510F8DBC /* Frameworks */ = {
			isa = PBXGroup;
			children = (
				FF1CD6B200A036FEDFDD75B8 /* Pods_WeTalk.framework */,
				E80DBB81E7AA3E086BE42149 /* Pods_WeTalkTests.framework */,
				E3A29D6AC01505B9E4EBF3D2 /* Pods_WeTalkUITests.framework */,
			);
			name = Frameworks;
			sourceTree = "<group>";
		};
		E6FF2655AB37E340F3BA825A /* Pods */ = {
			isa = PBXGroup;
			children = (
				D91114CBCD126A54FAF68398 /* Pods-WeTalk.debug.xcconfig */,
				5793D6670E94327BEB20D0AE /* Pods-WeTalk.release.xcconfig */,
				A89008CD113BFFFD1A4BAA96 /* Pods-WeTalkTests.debug.xcconfig */,
				CC46A141FA6EFDB3F38B1135 /* Pods-WeTalkTests.release.xcconfig */,
				AE32C742115016A9075DAB24 /* Pods-WeTalkUITests.debug.xcconfig */,
				F8A74D8F9A73B7BD87495F3C /* Pods-WeTalkUITests.release.xcconfig */,
			);
			name = Pods;
			sourceTree = "<group>";
		};
/* End PBXGroup section */

/* Begin PBXNativeTarget section */
		22119A9B1F30A7C700946C77 /* WeTalk */ = {
			isa = PBXNativeTarget;
			buildConfigurationList = 22119AC61F30A7C800946C77 /* Build configuration list for PBXNativeTarget "WeTalk" */;
			buildPhases = (
				C209F4403E56F881569E10B3 /* [CP] Check Pods Manifest.lock */,
				22119A981F30A7C700946C77 /* Sources */,
				22119A991F30A7C700946C77 /* Frameworks */,
				22119A9A1F30A7C700946C77 /* Resources */,
				E221CDFDDE7D962B776E48B8 /* [CP] Embed Pods Frameworks */,
				41C5909A90E8DF14615AFBBB /* [CP] Copy Pods Resources */,
			);
			buildRules = (
			);
			dependencies = (
			);
			name = WeTalk;
			productName = WeTalk;
			productReference = 22119A9C1F30A7C800946C77 /* WeTalk.app */;
			productType = "com.apple.product-type.application";
		};
		22119AB11F30A7C800946C77 /* WeTalkTests */ = {
			isa = PBXNativeTarget;
			buildConfigurationList = 22119AC91F30A7C800946C77 /* Build configuration list for PBXNativeTarget "WeTalkTests" */;
			buildPhases = (
				AADA38C68A4C58A68FB373E4 /* [CP] Check Pods Manifest.lock */,
				22119AAE1F30A7C800946C77 /* Sources */,
				22119AAF1F30A7C800946C77 /* Frameworks */,
				22119AB01F30A7C800946C77 /* Resources */,
				2ADD2423ADBB77B0EE6001C2 /* [CP] Embed Pods Frameworks */,
				77138867521BD10532726578 /* [CP] Copy Pods Resources */,
			);
			buildRules = (
			);
			dependencies = (
				22119AB41F30A7C800946C77 /* PBXTargetDependency */,
			);
			name = WeTalkTests;
			productName = WeTalkTests;
			productReference = 22119AB21F30A7C800946C77 /* WeTalkTests.xctest */;
			productType = "com.apple.product-type.bundle.unit-test";
		};
		22119ABC1F30A7C800946C77 /* WeTalkUITests */ = {
			isa = PBXNativeTarget;
			buildConfigurationList = 22119ACC1F30A7C800946C77 /* Build configuration list for PBXNativeTarget "WeTalkUITests" */;
			buildPhases = (
				9013C217FD13538BD41AC901 /* [CP] Check Pods Manifest.lock */,
				22119AB91F30A7C800946C77 /* Sources */,
				22119ABA1F30A7C800946C77 /* Frameworks */,
				22119ABB1F30A7C800946C77 /* Resources */,
				A806CF378A5ECD8660F19A67 /* [CP] Embed Pods Frameworks */,
				E29A7A5C065F0C57F4B75A6D /* [CP] Copy Pods Resources */,
			);
			buildRules = (
			);
			dependencies = (
				22119ABF1F30A7C800946C77 /* PBXTargetDependency */,
			);
			name = WeTalkUITests;
			productName = WeTalkUITests;
			productReference = 22119ABD1F30A7C800946C77 /* WeTalkUITests.xctest */;
			productType = "com.apple.product-type.bundle.ui-testing";
		};
/* End PBXNativeTarget section */

/* Begin PBXProject section */
		22119A941F30A7C700946C77 /* Project object */ = {
			isa = PBXProject;
			attributes = {
				LastSwiftUpdateCheck = 0830;
				LastUpgradeCheck = 0830;
				ORGANIZATIONNAME = Sam;
				TargetAttributes = {
					22119A9B1F30A7C700946C77 = {
						CreatedOnToolsVersion = 8.3.2;
						DevelopmentTeam = 6A3C67AMT7;
						ProvisioningStyle = Automatic;
					};
					22119AB11F30A7C800946C77 = {
						CreatedOnToolsVersion = 8.3.2;
						DevelopmentTeam = 6A3C67AMT7;
						ProvisioningStyle = Automatic;
						TestTargetID = 22119A9B1F30A7C700946C77;
					};
					22119ABC1F30A7C800946C77 = {
						CreatedOnToolsVersion = 8.3.2;
						DevelopmentTeam = 6A3C67AMT7;
						ProvisioningStyle = Automatic;
						TestTargetID = 22119A9B1F30A7C700946C77;
					};
				};
			};
			buildConfigurationList = 22119A971F30A7C700946C77 /* Build configuration list for PBXProject "WeTalk" */;
			compatibilityVersion = "Xcode 3.2";
			developmentRegion = English;
			hasScannedForEncodings = 0;
			knownRegions = (
				en,
				Base,
			);
			mainGroup = 22119A931F30A7C700946C77;
			productRefGroup = 22119A9D1F30A7C800946C77 /* Products */;
			projectDirPath = "";
			projectRoot = "";
			targets = (
				22119A9B1F30A7C700946C77 /* WeTalk */,
				22119AB11F30A7C800946C77 /* WeTalkTests */,
				22119ABC1F30A7C800946C77 /* WeTalkUITests */,
			);
		};
/* End PBXProject section */

/* Begin PBXResourcesBuildPhase section */
		22119A9A1F30A7C700946C77 /* Resources */ = {
			isa = PBXResourcesBuildPhase;
			buildActionMask = 2147483647;
			files = (
				22119AAC1F30A7C800946C77 /* LaunchScreen.storyboard in Resources */,
				2246A2C31F32A5D9001BCFD2 /* GoogleService-Info.plist in Resources */,
				22119AA91F30A7C800946C77 /* Assets.xcassets in Resources */,
				22119AA71F30A7C800946C77 /* Main.storyboard in Resources */,
			);
			runOnlyForDeploymentPostprocessing = 0;
		};
		22119AB01F30A7C800946C77 /* Resources */ = {
			isa = PBXResourcesBuildPhase;
			buildActionMask = 2147483647;
			files = (
				2246A2C41F32A5D9001BCFD2 /* GoogleService-Info.plist in Resources */,
			);
			runOnlyForDeploymentPostprocessing = 0;
		};
		22119ABB1F30A7C800946C77 /* Resources */ = {
			isa = PBXResourcesBuildPhase;
			buildActionMask = 2147483647;
			files = (
				2246A2C51F32A5D9001BCFD2 /* GoogleService-Info.plist in Resources */,
			);
			runOnlyForDeploymentPostprocessing = 0;
		};
/* End PBXResourcesBuildPhase section */

/* Begin PBXShellScriptBuildPhase section */
		2ADD2423ADBB77B0EE6001C2 /* [CP] Embed Pods Frameworks */ = {
			isa = PBXShellScriptBuildPhase;
			buildActionMask = 2147483647;
			files = (
			);
			inputPaths = (
			);
			name = "[CP] Embed Pods Frameworks";
			outputPaths = (
			);
			runOnlyForDeploymentPostprocessing = 0;
			shellPath = /bin/sh;
			shellScript = "\"${SRCROOT}/Pods/Target Support Files/Pods-WeTalkTests/Pods-WeTalkTests-frameworks.sh\"\n";
			showEnvVarsInLog = 0;
		};
		41C5909A90E8DF14615AFBBB /* [CP] Copy Pods Resources */ = {
			isa = PBXShellScriptBuildPhase;
			buildActionMask = 2147483647;
			files = (
			);
			inputPaths = (
			);
			name = "[CP] Copy Pods Resources";
			outputPaths = (
			);
			runOnlyForDeploymentPostprocessing = 0;
			shellPath = /bin/sh;
			shellScript = "\"${SRCROOT}/Pods/Target Support Files/Pods-WeTalk/Pods-WeTalk-resources.sh\"\n";
			showEnvVarsInLog = 0;
		};
		77138867521BD10532726578 /* [CP] Copy Pods Resources */ = {
			isa = PBXShellScriptBuildPhase;
			buildActionMask = 2147483647;
			files = (
			);
			inputPaths = (
			);
			name = "[CP] Copy Pods Resources";
			outputPaths = (
			);
			runOnlyForDeploymentPostprocessing = 0;
			shellPath = /bin/sh;
			shellScript = "\"${SRCROOT}/Pods/Target Support Files/Pods-WeTalkTests/Pods-WeTalkTests-resources.sh\"\n";
			showEnvVarsInLog = 0;
		};
		9013C217FD13538BD41AC901 /* [CP] Check Pods Manifest.lock */ = {
			isa = PBXShellScriptBuildPhase;
			buildActionMask = 2147483647;
			files = (
			);
			inputPaths = (
			);
			name = "[CP] Check Pods Manifest.lock";
			outputPaths = (
			);
			runOnlyForDeploymentPostprocessing = 0;
			shellPath = /bin/sh;
			shellScript = "diff \"${PODS_PODFILE_DIR_PATH}/Podfile.lock\" \"${PODS_ROOT}/Manifest.lock\" > /dev/null\nif [ $? != 0 ] ; then\n    # print error to STDERR\n    echo \"error: The sandbox is not in sync with the Podfile.lock. Run 'pod install' or update your CocoaPods installation.\" >&2\n    exit 1\nfi\n";
			showEnvVarsInLog = 0;
		};
		A806CF378A5ECD8660F19A67 /* [CP] Embed Pods Frameworks */ = {
			isa = PBXShellScriptBuildPhase;
			buildActionMask = 2147483647;
			files = (
			);
			inputPaths = (
			);
			name = "[CP] Embed Pods Frameworks";
			outputPaths = (
			);
			runOnlyForDeploymentPostprocessing = 0;
			shellPath = /bin/sh;
			shellScript = "\"${SRCROOT}/Pods/Target Support Files/Pods-WeTalkUITests/Pods-WeTalkUITests-frameworks.sh\"\n";
			showEnvVarsInLog = 0;
		};
		AADA38C68A4C58A68FB373E4 /* [CP] Check Pods Manifest.lock */ = {
			isa = PBXShellScriptBuildPhase;
			buildActionMask = 2147483647;
			files = (
			);
			inputPaths = (
			);
			name = "[CP] Check Pods Manifest.lock";
			outputPaths = (
			);
			runOnlyForDeploymentPostprocessing = 0;
			shellPath = /bin/sh;
			shellScript = "diff \"${PODS_PODFILE_DIR_PATH}/Podfile.lock\" \"${PODS_ROOT}/Manifest.lock\" > /dev/null\nif [ $? != 0 ] ; then\n    # print error to STDERR\n    echo \"error: The sandbox is not in sync with the Podfile.lock. Run 'pod install' or update your CocoaPods installation.\" >&2\n    exit 1\nfi\n";
			showEnvVarsInLog = 0;
		};
		C209F4403E56F881569E10B3 /* [CP] Check Pods Manifest.lock */ = {
			isa = PBXShellScriptBuildPhase;
			buildActionMask = 2147483647;
			files = (
			);
			inputPaths = (
			);
			name = "[CP] Check Pods Manifest.lock";
			outputPaths = (
			);
			runOnlyForDeploymentPostprocessing = 0;
			shellPath = /bin/sh;
			shellScript = "diff \"${PODS_PODFILE_DIR_PATH}/Podfile.lock\" \"${PODS_ROOT}/Manifest.lock\" > /dev/null\nif [ $? != 0 ] ; then\n    # print error to STDERR\n    echo \"error: The sandbox is not in sync with the Podfile.lock. Run 'pod install' or update your CocoaPods installation.\" >&2\n    exit 1\nfi\n";
			showEnvVarsInLog = 0;
		};
		E221CDFDDE7D962B776E48B8 /* [CP] Embed Pods Frameworks */ = {
			isa = PBXShellScriptBuildPhase;
			buildActionMask = 2147483647;
			files = (
			);
			inputPaths = (
			);
			name = "[CP] Embed Pods Frameworks";
			outputPaths = (
			);
			runOnlyForDeploymentPostprocessing = 0;
			shellPath = /bin/sh;
			shellScript = "\"${SRCROOT}/Pods/Target Support Files/Pods-WeTalk/Pods-WeTalk-frameworks.sh\"\n";
			showEnvVarsInLog = 0;
		};
		E29A7A5C065F0C57F4B75A6D /* [CP] Copy Pods Resources */ = {
			isa = PBXShellScriptBuildPhase;
			buildActionMask = 2147483647;
			files = (
			);
			inputPaths = (
			);
			name = "[CP] Copy Pods Resources";
			outputPaths = (
			);
			runOnlyForDeploymentPostprocessing = 0;
			shellPath = /bin/sh;
			shellScript = "\"${SRCROOT}/Pods/Target Support Files/Pods-WeTalkUITests/Pods-WeTalkUITests-resources.sh\"\n";
			showEnvVarsInLog = 0;
		};
/* End PBXShellScriptBuildPhase section */

/* Begin PBXSourcesBuildPhase section */
		22119A981F30A7C700946C77 /* Sources */ = {
			isa = PBXSourcesBuildPhase;
			buildActionMask = 2147483647;
			files = (
				221BD7791F30BBD5007D0C6D /* LoginViewController.swift in Sources */,
				2246A2C71F32ACDD001BCFD2 /* Channel.swift in Sources */,
				222D6D711F34142D0080E89F /* ChatViewController.swift in Sources */,
				22119AA41F30A7C800946C77 /* SecondViewController.swift in Sources */,
				22119AA01F30A7C800946C77 /* AppDelegate.swift in Sources */,
				221BD77B1F30C63C007D0C6D /* TabBarController.swift in Sources */,
				22119AA21F30A7C800946C77 /* FirstViewController.swift in Sources */,
				222D6D6F1F3411890080E89F /* CreateChannelCell.swift in Sources */,
			);
			runOnlyForDeploymentPostprocessing = 0;
		};
		22119AAE1F30A7C800946C77 /* Sources */ = {
			isa = PBXSourcesBuildPhase;
			buildActionMask = 2147483647;
			files = (
				22119AB71F30A7C800946C77 /* WeTalkTests.swift in Sources */,
				2246A2C81F32ACDD001BCFD2 /* Channel.swift in Sources */,
			);
			runOnlyForDeploymentPostprocessing = 0;
		};
		22119AB91F30A7C800946C77 /* Sources */ = {
			isa = PBXSourcesBuildPhase;
			buildActionMask = 2147483647;
			files = (
				22119AC21F30A7C800946C77 /* WeTalkUITests.swift in Sources */,
				2246A2C91F32ACDD001BCFD2 /* Channel.swift in Sources */,
			);
			runOnlyForDeploymentPostprocessing = 0;
		};
/* End PBXSourcesBuildPhase section */

/* Begin PBXTargetDependency section */
		22119AB41F30A7C800946C77 /* PBXTargetDependency */ = {
			isa = PBXTargetDependency;
			target = 22119A9B1F30A7C700946C77 /* WeTalk */;
			targetProxy = 22119AB31F30A7C800946C77 /* PBXContainerItemProxy */;
		};
		22119ABF1F30A7C800946C77 /* PBXTargetDependency */ = {
			isa = PBXTargetDependency;
			target = 22119A9B1F30A7C700946C77 /* WeTalk */;
			targetProxy = 22119ABE1F30A7C800946C77 /* PBXContainerItemProxy */;
		};
/* End PBXTargetDependency section */

/* Begin PBXVariantGroup section */
		22119AA51F30A7C800946C77 /* Main.storyboard */ = {
			isa = PBXVariantGroup;
			children = (
				22119AA61F30A7C800946C77 /* Base */,
			);
			name = Main.storyboard;
			sourceTree = "<group>";
		};
		22119AAA1F30A7C800946C77 /* LaunchScreen.storyboard */ = {
			isa = PBXVariantGroup;
			children = (
				22119AAB1F30A7C800946C77 /* Base */,
			);
			name = LaunchScreen.storyboard;
			sourceTree = "<group>";
		};
/* End PBXVariantGroup section */

/* Begin XCBuildConfiguration section */
		22119AC41F30A7C800946C77 /* Debug */ = {
			isa = XCBuildConfiguration;
			buildSettings = {
				ALWAYS_SEARCH_USER_PATHS = NO;
				CLANG_ANALYZER_NONNULL = YES;
				CLANG_ANALYZER_NUMBER_OBJECT_CONVERSION = YES_AGGRESSIVE;
				CLANG_CXX_LANGUAGE_STANDARD = "gnu++0x";
				CLANG_CXX_LIBRARY = "libc++";
				CLANG_ENABLE_MODULES = YES;
				CLANG_ENABLE_OBJC_ARC = YES;
				CLANG_WARN_BOOL_CONVERSION = YES;
				CLANG_WARN_CONSTANT_CONVERSION = YES;
				CLANG_WARN_DIRECT_OBJC_ISA_USAGE = YES_ERROR;
				CLANG_WARN_DOCUMENTATION_COMMENTS = YES;
				CLANG_WARN_EMPTY_BODY = YES;
				CLANG_WARN_ENUM_CONVERSION = YES;
				CLANG_WARN_INFINITE_RECURSION = YES;
				CLANG_WARN_INT_CONVERSION = YES;
				CLANG_WARN_OBJC_ROOT_CLASS = YES_ERROR;
				CLANG_WARN_SUSPICIOUS_MOVE = YES;
				CLANG_WARN_UNREACHABLE_CODE = YES;
				CLANG_WARN__DUPLICATE_METHOD_MATCH = YES;
				"CODE_SIGN_IDENTITY[sdk=iphoneos*]" = "iPhone Developer";
				COPY_PHASE_STRIP = NO;
				DEBUG_INFORMATION_FORMAT = dwarf;
				ENABLE_STRICT_OBJC_MSGSEND = YES;
				ENABLE_TESTABILITY = YES;
				GCC_C_LANGUAGE_STANDARD = gnu99;
				GCC_DYNAMIC_NO_PIC = NO;
				GCC_NO_COMMON_BLOCKS = YES;
				GCC_OPTIMIZATION_LEVEL = 0;
				GCC_PREPROCESSOR_DEFINITIONS = (
					"DEBUG=1",
					"$(inherited)",
				);
				GCC_WARN_64_TO_32_BIT_CONVERSION = YES;
				GCC_WARN_ABOUT_RETURN_TYPE = YES_ERROR;
				GCC_WARN_UNDECLARED_SELECTOR = YES;
				GCC_WARN_UNINITIALIZED_AUTOS = YES_AGGRESSIVE;
				GCC_WARN_UNUSED_FUNCTION = YES;
				GCC_WARN_UNUSED_VARIABLE = YES;
				IPHONEOS_DEPLOYMENT_TARGET = 10.3;
				MTL_ENABLE_DEBUG_INFO = YES;
				ONLY_ACTIVE_ARCH = YES;
				SDKROOT = iphoneos;
				SWIFT_ACTIVE_COMPILATION_CONDITIONS = DEBUG;
				SWIFT_OPTIMIZATION_LEVEL = "-Onone";
				TARGETED_DEVICE_FAMILY = "1,2";
			};
			name = Debug;
		};
		22119AC51F30A7C800946C77 /* Release */ = {
			isa = XCBuildConfiguration;
			buildSettings = {
				ALWAYS_SEARCH_USER_PATHS = NO;
				CLANG_ANALYZER_NONNULL = YES;
				CLANG_ANALYZER_NUMBER_OBJECT_CONVERSION = YES_AGGRESSIVE;
				CLANG_CXX_LANGUAGE_STANDARD = "gnu++0x";
				CLANG_CXX_LIBRARY = "libc++";
				CLANG_ENABLE_MODULES = YES;
				CLANG_ENABLE_OBJC_ARC = YES;
				CLANG_WARN_BOOL_CONVERSION = YES;
				CLANG_WARN_CONSTANT_CONVERSION = YES;
				CLANG_WARN_DIRECT_OBJC_ISA_USAGE = YES_ERROR;
				CLANG_WARN_DOCUMENTATION_COMMENTS = YES;
				CLANG_WARN_EMPTY_BODY = YES;
				CLANG_WARN_ENUM_CONVERSION = YES;
				CLANG_WARN_INFINITE_RECURSION = YES;
				CLANG_WARN_INT_CONVERSION = YES;
				CLANG_WARN_OBJC_ROOT_CLASS = YES_ERROR;
				CLANG_WARN_SUSPICIOUS_MOVE = YES;
				CLANG_WARN_UNREACHABLE_CODE = YES;
				CLANG_WARN__DUPLICATE_METHOD_MATCH = YES;
				"CODE_SIGN_IDENTITY[sdk=iphoneos*]" = "iPhone Developer";
				COPY_PHASE_STRIP = NO;
				DEBUG_INFORMATION_FORMAT = "dwarf-with-dsym";
				ENABLE_NS_ASSERTIONS = NO;
				ENABLE_STRICT_OBJC_MSGSEND = YES;
				GCC_C_LANGUAGE_STANDARD = gnu99;
				GCC_NO_COMMON_BLOCKS = YES;
				GCC_WARN_64_TO_32_BIT_CONVERSION = YES;
				GCC_WARN_ABOUT_RETURN_TYPE = YES_ERROR;
				GCC_WARN_UNDECLARED_SELECTOR = YES;
				GCC_WARN_UNINITIALIZED_AUTOS = YES_AGGRESSIVE;
				GCC_WARN_UNUSED_FUNCTION = YES;
				GCC_WARN_UNUSED_VARIABLE = YES;
				IPHONEOS_DEPLOYMENT_TARGET = 10.3;
				MTL_ENABLE_DEBUG_INFO = NO;
				SDKROOT = iphoneos;
				SWIFT_OPTIMIZATION_LEVEL = "-Owholemodule";
				TARGETED_DEVICE_FAMILY = "1,2";
				VALIDATE_PRODUCT = YES;
			};
			name = Release;
		};
		22119AC71F30A7C800946C77 /* Debug */ = {
			isa = XCBuildConfiguration;
			baseConfigurationReference = D91114CBCD126A54FAF68398 /* Pods-WeTalk.debug.xcconfig */;
			buildSettings = {
				ASSETCATALOG_COMPILER_APPICON_NAME = AppIcon;
				DEVELOPMENT_TEAM = 6A3C67AMT7;
				INFOPLIST_FILE = WeTalk/Info.plist;
				LD_RUNPATH_SEARCH_PATHS = "$(inherited) @executable_path/Frameworks";
				PRODUCT_BUNDLE_IDENTIFIER = com.full.sam.WeTalk;
				PRODUCT_NAME = "$(TARGET_NAME)";
				SWIFT_VERSION = 3.0;
			};
			name = Debug;
		};
		22119AC81F30A7C800946C77 /* Release */ = {
			isa = XCBuildConfiguration;
			baseConfigurationReference = 5793D6670E94327BEB20D0AE /* Pods-WeTalk.release.xcconfig */;
			buildSettings = {
				ASSETCATALOG_COMPILER_APPICON_NAME = AppIcon;
				DEVELOPMENT_TEAM = 6A3C67AMT7;
				INFOPLIST_FILE = WeTalk/Info.plist;
				LD_RUNPATH_SEARCH_PATHS = "$(inherited) @executable_path/Frameworks";
				PRODUCT_BUNDLE_IDENTIFIER = com.full.sam.WeTalk;
				PRODUCT_NAME = "$(TARGET_NAME)";
				SWIFT_VERSION = 3.0;
			};
			name = Release;
		};
		22119ACA1F30A7C800946C77 /* Debug */ = {
			isa = XCBuildConfiguration;
			baseConfigurationReference = A89008CD113BFFFD1A4BAA96 /* Pods-WeTalkTests.debug.xcconfig */;
			buildSettings = {
				ALWAYS_EMBED_SWIFT_STANDARD_LIBRARIES = YES;
				BUNDLE_LOADER = "$(TEST_HOST)";
				DEVELOPMENT_TEAM = 6A3C67AMT7;
				INFOPLIST_FILE = WeTalkTests/Info.plist;
				LD_RUNPATH_SEARCH_PATHS = "$(inherited) @executable_path/Frameworks @loader_path/Frameworks";
				PRODUCT_BUNDLE_IDENTIFIER = com.full.sam.WeTalkTests;
				PRODUCT_NAME = "$(TARGET_NAME)";
				SWIFT_VERSION = 3.0;
				TEST_HOST = "$(BUILT_PRODUCTS_DIR)/WeTalk.app/WeTalk";
			};
			name = Debug;
		};
		22119ACB1F30A7C800946C77 /* Release */ = {
			isa = XCBuildConfiguration;
			baseConfigurationReference = CC46A141FA6EFDB3F38B1135 /* Pods-WeTalkTests.release.xcconfig */;
			buildSettings = {
				ALWAYS_EMBED_SWIFT_STANDARD_LIBRARIES = YES;
				BUNDLE_LOADER = "$(TEST_HOST)";
				DEVELOPMENT_TEAM = 6A3C67AMT7;
				INFOPLIST_FILE = WeTalkTests/Info.plist;
				LD_RUNPATH_SEARCH_PATHS = "$(inherited) @executable_path/Frameworks @loader_path/Frameworks";
				PRODUCT_BUNDLE_IDENTIFIER = com.full.sam.WeTalkTests;
				PRODUCT_NAME = "$(TARGET_NAME)";
				SWIFT_VERSION = 3.0;
				TEST_HOST = "$(BUILT_PRODUCTS_DIR)/WeTalk.app/WeTalk";
			};
			name = Release;
		};
		22119ACD1F30A7C800946C77 /* Debug */ = {
			isa = XCBuildConfiguration;
			baseConfigurationReference = AE32C742115016A9075DAB24 /* Pods-WeTalkUITests.debug.xcconfig */;
			buildSettings = {
				ALWAYS_EMBED_SWIFT_STANDARD_LIBRARIES = YES;
				DEVELOPMENT_TEAM = 6A3C67AMT7;
				INFOPLIST_FILE = WeTalkUITests/Info.plist;
				LD_RUNPATH_SEARCH_PATHS = "$(inherited) @executable_path/Frameworks @loader_path/Frameworks";
				PRODUCT_BUNDLE_IDENTIFIER = com.full.sam.WeTalkUITests;
				PRODUCT_NAME = "$(TARGET_NAME)";
				SWIFT_VERSION = 3.0;
				TEST_TARGET_NAME = WeTalk;
			};
			name = Debug;
		};
		22119ACE1F30A7C800946C77 /* Release */ = {
			isa = XCBuildConfiguration;
			baseConfigurationReference = F8A74D8F9A73B7BD87495F3C /* Pods-WeTalkUITests.release.xcconfig */;
			buildSettings = {
				ALWAYS_EMBED_SWIFT_STANDARD_LIBRARIES = YES;
				DEVELOPMENT_TEAM = 6A3C67AMT7;
				INFOPLIST_FILE = WeTalkUITests/Info.plist;
				LD_RUNPATH_SEARCH_PATHS = "$(inherited) @executable_path/Frameworks @loader_path/Frameworks";
				PRODUCT_BUNDLE_IDENTIFIER = com.full.sam.WeTalkUITests;
				PRODUCT_NAME = "$(TARGET_NAME)";
				SWIFT_VERSION = 3.0;
				TEST_TARGET_NAME = WeTalk;
			};
			name = Release;
		};
/* End XCBuildConfiguration section */

/* Begin XCConfigurationList section */
		22119A971F30A7C700946C77 /* Build configuration list for PBXProject "WeTalk" */ = {
			isa = XCConfigurationList;
			buildConfigurations = (
				22119AC41F30A7C800946C77 /* Debug */,
				22119AC51F30A7C800946C77 /* Release */,
			);
			defaultConfigurationIsVisible = 0;
			defaultConfigurationName = Release;
		};
		22119AC61F30A7C800946C77 /* Build configuration list for PBXNativeTarget "WeTalk" */ = {
			isa = XCConfigurationList;
			buildConfigurations = (
				22119AC71F30A7C800946C77 /* Debug */,
				22119AC81F30A7C800946C77 /* Release */,
			);
			defaultConfigurationIsVisible = 0;
			defaultConfigurationName = Release;
		};
		22119AC91F30A7C800946C77 /* Build configuration list for PBXNativeTarget "WeTalkTests" */ = {
			isa = XCConfigurationList;
			buildConfigurations = (
				22119ACA1F30A7C800946C77 /* Debug */,
				22119ACB1F30A7C800946C77 /* Release */,
			);
			defaultConfigurationIsVisible = 0;
			defaultConfigurationName = Release;
		};
		22119ACC1F30A7C800946C77 /* Build configuration list for PBXNativeTarget "WeTalkUITests" */ = {
			isa = XCConfigurationList;
			buildConfigurations = (
				22119ACD1F30A7C800946C77 /* Debug */,
				22119ACE1F30A7C800946C77 /* Release */,
			);
			defaultConfigurationIsVisible = 0;
			defaultConfigurationName = Release;
		};
/* End XCConfigurationList section */
	};
	rootObject = 22119A941F30A7C700946C77 /* Project object */;
}
